
Microsoft Visual Studio Solution File, Format Version 12.00
# Visual Studio Version 17
VisualStudioVersion = 17.0.32014.148
MinimumVisualStudioVersion = 10.0.40219.1
Project("{FAE04EC0-301F-11D3-BF4B-00C04F79EFBC}") = "Messages", "Messages\Messages.csproj", "{D0A1F0CE-8940-4C29-A5FD-13E64922C20E}"
EndProject
Global
	GlobalSection(SolutionConfigurationPlatforms) = preSolution
		Debug|arm64 = Debug|arm64
		Debug|x64 = Debug|x64
		Debug|x86 = Debug|x86
		Release|arm64 = Release|arm64
		Release|x64 = Release|x64
		Release|x86 = Release|x86
	EndGlobalSection
	GlobalSection(ProjectConfigurationPlatforms) = postSolution
		{D0A1F0CE-8940-4C29-A5FD-13E64922C20E}.Debug|arm64.ActiveCfg = Debug|arm64
		{D0A1F0CE-8940-4C29-A5FD-13E64922C20E}.Debug|arm64.Build.0 = Debug|arm64
		{D0A1F0CE-8940-4C29-A5FD-13E64922C20E}.Debug|arm64.Deploy.0 = Debug|arm64
		{D0A1F0CE-8940-4C29-A5FD-13E64922C20E}.Debug|x64.ActiveCfg = Debug|x64
		{D0A1F0CE-8940-4C29-A5FD-13E64922C20E}.Debug|x64.Build.0 = Debug|x64
		{D0A1F0CE-8940-4C29-A5FD-13E64922C20E}.Debug|x64.Deploy.0 = Debug|x64
		{D0A1F0CE-8940-4C29-A5FD-13E64922C20E}.Debug|x86.ActiveCfg = Debug|x86
		{D0A1F0CE-8940-4C29-A5FD-13E64922C20E}.Debug|x86.Build.0 = Debug|x86
		{D0A1F0CE-8940-4C29-A5FD-13E64922C20E}.Debug|x86.Deploy.0 = Debug|x86
		{D0A1F0CE-8940-4C29-A5FD-13E64922C20E}.Release|arm64.ActiveCfg = Release|arm64
		{D0A1F0CE-8940-4C29-A5FD-13E64922C20E}.Release|arm64.Build.0 = Release|arm64
		{D0A1F0CE-8940-4C29-A5FD-13E64922C20E}.Release|arm64.Deploy.0 = Release|arm64
		{D0A1F0CE-8940-4C29-A5FD-13E64922C20E}.Release|x64.ActiveCfg = Release|x64
		{D0A1F0CE-8940-4C29-A5FD-13E64922C20E}.Release|x64.Build.0 = Release|x64
		{D0A1F0CE-8940-4C29-A5FD-13E64922C20E}.Release|x64.Deploy.0 = Release|x64
		{D0A1F0CE-8940-4C29-A5FD-13E64922C20E}.Release|x86.ActiveCfg = Release|x86
		{D0A1F0CE-8940-4C29-A5FD-13E64922C20E}.Release|x86.Build.0 = Release|x86
		{D0A1F0CE-8940-4C29-A5FD-13E64922C20E}.Release|x86.Deploy.0 = Release|x86
	EndGlobalSection
	GlobalSection(SolutionProperties) = preSolution
		HideSolutionNode = FALSE
	EndGlobalSection
	GlobalSection(ExtensibilityGlobals) = postSolution
		SolutionGuid = {1CE4D7D6-EDBE-4EBE-9926-7AB972E6716D}
	EndGlobalSection
EndGlobal
