
Microsoft Visual Studio Solution File, Format Version 12.00
# Visual Studio Version 17
VisualStudioVersion = 17.0.32014.148
MinimumVisualStudioVersion = 10.0.40219.1
Project("{FAE04EC0-301F-11D3-BF4B-00C04F79EFBC}") = "WinUI-Packaged", "WinUI-Packaged\WinUI-Packaged.csproj", "{8C631AA1-D91E-4BE1-B859-1A2FC60728C9}"
EndProject
Global
	GlobalSection(SolutionConfigurationPlatforms) = preSolution
		Debug|arm64 = Debug|arm64
		Debug|x64 = Debug|x64
		Debug|x86 = Debug|x86
		Release|arm64 = Release|arm64
		Release|x64 = Release|x64
		Release|x86 = Release|x86
	EndGlobalSection
	GlobalSection(ProjectConfigurationPlatforms) = postSolution
		{8C631AA1-D91E-4BE1-B859-1A2FC60728C9}.Debug|arm64.ActiveCfg = Debug|arm64
		{8C631AA1-D91E-4BE1-B859-1A2FC60728C9}.Debug|arm64.Build.0 = Debug|arm64
		{8C631AA1-D91E-4BE1-B859-1A2FC60728C9}.Debug|arm64.Deploy.0 = Debug|arm64
		{8C631AA1-D91E-4BE1-B859-1A2FC60728C9}.Debug|x64.ActiveCfg = Debug|x64
		{8C631AA1-D91E-4BE1-B859-1A2FC60728C9}.Debug|x64.Build.0 = Debug|x64
		{8C631AA1-D91E-4BE1-B859-1A2FC60728C9}.Debug|x64.Deploy.0 = Debug|x64
		{8C631AA1-D91E-4BE1-B859-1A2FC60728C9}.Debug|x86.ActiveCfg = Debug|x86
		{8C631AA1-D91E-4BE1-B859-1A2FC60728C9}.Debug|x86.Build.0 = Debug|x86
		{8C631AA1-D91E-4BE1-B859-1A2FC60728C9}.Debug|x86.Deploy.0 = Debug|x86
		{8C631AA1-D91E-4BE1-B859-1A2FC60728C9}.Release|arm64.ActiveCfg = Release|arm64
		{8C631AA1-D91E-4BE1-B859-1A2FC60728C9}.Release|arm64.Build.0 = Release|arm64
		{8C631AA1-D91E-4BE1-B859-1A2FC60728C9}.Release|arm64.Deploy.0 = Release|arm64
		{8C631AA1-D91E-4BE1-B859-1A2FC60728C9}.Release|x64.ActiveCfg = Release|x64
		{8C631AA1-D91E-4BE1-B859-1A2FC60728C9}.Release|x64.Build.0 = Release|x64
		{8C631AA1-D91E-4BE1-B859-1A2FC60728C9}.Release|x64.Deploy.0 = Release|x64
		{8C631AA1-D91E-4BE1-B859-1A2FC60728C9}.Release|x86.ActiveCfg = Release|x86
		{8C631AA1-D91E-4BE1-B859-1A2FC60728C9}.Release|x86.Build.0 = Release|x86
		{8C631AA1-D91E-4BE1-B859-1A2FC60728C9}.Release|x86.Deploy.0 = Release|x86
	EndGlobalSection
	GlobalSection(SolutionProperties) = preSolution
		HideSolutionNode = FALSE
	EndGlobalSection
	GlobalSection(ExtensibilityGlobals) = postSolution
		SolutionGuid = {8AE03E09-2F6C-464E-8A6E-93474AC63462}
	EndGlobalSection
EndGlobal
